
Microsoft Visual Studio Solution File, Format Version 12.00
# Visual Studio 15
VisualStudioVersion = 15.0.27428.2037
MinimumVisualStudioVersion = 10.0.40219.1
Project("{FAE04EC0-301F-11D3-BF4B-00C04F79EFBC}") = "Try", "Try.csproj", "{DE2B3226-C0C8-4DA5-840D-084AED1183D6}"
EndProject
Global
	GlobalSection(SolutionConfigurationPlatforms) = preSolution
		Debug|Any CPU = Debug|Any CPU
		Release|Any CPU = Release|Any CPU
	EndGlobalSection
	GlobalSection(ProjectConfigurationPlatforms) = postSolution
		{DE2B3226-C0C8-4DA5-840D-084AED1183D6}.Debug|Any CPU.ActiveCfg = Debug|Any CPU
		{DE2B3226-C0C8-4DA5-840D-084AED1183D6}.Debug|Any CPU.Build.0 = Debug|Any CPU
		{DE2B3226-C0C8-4DA5-840D-084AED1183D6}.Release|Any CPU.ActiveCfg = Release|Any CPU
		{DE2B3226-C0C8-4DA5-840D-084AED1183D6}.Release|Any CPU.Build.0 = Release|Any CPU
	EndGlobalSection
	GlobalSection(SolutionProperties) = preSolution
		HideSolutionNode = FALSE
	EndGlobalSection
	GlobalSection(ExtensibilityGlobals) = postSolution
		SolutionGuid = {7D00B8EC-945A-4448-A4B1-FF9F5AA307D9}
	EndGlobalSection
EndGlobal
